
Microsoft Visual Studio Solution File, Format Version 12.00
# Visual Studio 15
VisualStudioVersion = 15.0.28307.757
MinimumVisualStudioVersion = 10.0.40219.1
Project("{FAE04EC0-301F-11D3-BF4B-00C04F79EFBC}") = "IISLocalServer", "IISLocalServer\IISLocalServer.csproj", "{1A732992-2D17-46CB-BA50-983E05713D1D}"
EndProject
Global
	GlobalSection(SolutionConfigurationPlatforms) = preSolution
		Debug|Any CPU = Debug|Any CPU
		Release|Any CPU = Release|Any CPU
	EndGlobalSection
	GlobalSection(ProjectConfigurationPlatforms) = postSolution
		{1A732992-2D17-46CB-BA50-983E05713D1D}.Debug|Any CPU.ActiveCfg = Debug|Any CPU
		{1A732992-2D17-46CB-BA50-983E05713D1D}.Debug|Any CPU.Build.0 = Debug|Any CPU
		{1A732992-2D17-46CB-BA50-983E05713D1D}.Release|Any CPU.ActiveCfg = Release|Any CPU
		{1A732992-2D17-46CB-BA50-983E05713D1D}.Release|Any CPU.Build.0 = Release|Any CPU
	EndGlobalSection
	GlobalSection(SolutionProperties) = preSolution
		HideSolutionNode = FALSE
	EndGlobalSection
	GlobalSection(ExtensibilityGlobals) = postSolution
		SolutionGuid = {91C5D310-7185-40E8-B484-005790BE0563}
	EndGlobalSection
EndGlobal
